
Microsoft Visual Studio Solution File, Format Version 12.00
# Visual Studio Version 16
VisualStudioVersion = 16.0.29806.167
MinimumVisualStudioVersion = 10.0.40219.1
Project("{FAE04EC0-301F-11D3-BF4B-00C04F79EFBC}") = "Lab_1_app", "Lab_1_app.csproj", "{075B8263-3149-4FFA-B0F8-3EDBFFCCFBA8}"
EndProject
Global
	GlobalSection(SolutionConfigurationPlatforms) = preSolution
		Debug|Any CPU = Debug|Any CPU
		Release|Any CPU = Release|Any CPU
	EndGlobalSection
	GlobalSection(ProjectConfigurationPlatforms) = postSolution
		{075B8263-3149-4FFA-B0F8-3EDBFFCCFBA8}.Debug|Any CPU.ActiveCfg = Debug|Any CPU
		{075B8263-3149-4FFA-B0F8-3EDBFFCCFBA8}.Debug|Any CPU.Build.0 = Debug|Any CPU
		{075B8263-3149-4FFA-B0F8-3EDBFFCCFBA8}.Release|Any CPU.ActiveCfg = Release|Any CPU
		{075B8263-3149-4FFA-B0F8-3EDBFFCCFBA8}.Release|Any CPU.Build.0 = Release|Any CPU
	EndGlobalSection
	GlobalSection(SolutionProperties) = preSolution
		HideSolutionNode = FALSE
	EndGlobalSection
	GlobalSection(ExtensibilityGlobals) = postSolution
		SolutionGuid = {0264B72C-C57C-40C8-9F79-7E69F93B9945}
	EndGlobalSection
EndGlobal
